
Microsoft Visual Studio Solution File, Format Version 12.00
# Visual Studio Version 16
VisualStudioVersion = 16.0.29519.181
MinimumVisualStudioVersion = 10.0.40219.1
Project("{9A19103F-16F7-4668-BE54-9A1E7A4F7556}") = "Length", "Length\Length.csproj", "{B7328223-26B3-40DF-B141-B6815239F2CD}"
EndProject
Project("{9A19103F-16F7-4668-BE54-9A1E7A4F7556}") = "LengthTests", "LengthTests\LengthTests.csproj", "{563CD76D-3CF4-470B-B2C5-BF7EDB7C3161}"
EndProject
Global
	GlobalSection(SolutionConfigurationPlatforms) = preSolution
		Debug|Any CPU = Debug|Any CPU
		Release|Any CPU = Release|Any CPU
	EndGlobalSection
	GlobalSection(ProjectConfigurationPlatforms) = postSolution
		{B7328223-26B3-40DF-B141-B6815239F2CD}.Debug|Any CPU.ActiveCfg = Debug|Any CPU
		{B7328223-26B3-40DF-B141-B6815239F2CD}.Debug|Any CPU.Build.0 = Debug|Any CPU
		{B7328223-26B3-40DF-B141-B6815239F2CD}.Release|Any CPU.ActiveCfg = Release|Any CPU
		{B7328223-26B3-40DF-B141-B6815239F2CD}.Release|Any CPU.Build.0 = Release|Any CPU
		{563CD76D-3CF4-470B-B2C5-BF7EDB7C3161}.Debug|Any CPU.ActiveCfg = Debug|Any CPU
		{563CD76D-3CF4-470B-B2C5-BF7EDB7C3161}.Debug|Any CPU.Build.0 = Debug|Any CPU
		{563CD76D-3CF4-470B-B2C5-BF7EDB7C3161}.Release|Any CPU.ActiveCfg = Release|Any CPU
		{563CD76D-3CF4-470B-B2C5-BF7EDB7C3161}.Release|Any CPU.Build.0 = Release|Any CPU
	EndGlobalSection
	GlobalSection(SolutionProperties) = preSolution
		HideSolutionNode = FALSE
	EndGlobalSection
	GlobalSection(ExtensibilityGlobals) = postSolution
		SolutionGuid = {B252B64B-8356-4E79-9881-9587C2273BB8}
	EndGlobalSection
EndGlobal
